Microsoft Visual Studio Solution File, Format Version 12.00
# Visual Studio 2012
Project("{FAE04EC0-301F-11D3-BF4B-00C04F79EFBC}") = "Bullet Hell Basic", "Bullet Hell Basic.csproj", "{97136477-A69E-4B7A-9DDA-756EE780DCFC}"
EndProject
Global
	GlobalSection(SolutionConfigurationPlatforms) = preSolution
	Debug|Any CPU = Debug|Any CPU
	ExportDebug|Any CPU = ExportDebug|Any CPU
	ExportRelease|Any CPU = ExportRelease|Any CPU
	EndGlobalSection
	GlobalSection(ProjectConfigurationPlatforms) = postSolution
		{97136477-A69E-4B7A-9DDA-756EE780DCFC}.Debug|Any CPU.ActiveCfg = Debug|Any CPU
		{97136477-A69E-4B7A-9DDA-756EE780DCFC}.Debug|Any CPU.Build.0 = Debug|Any CPU
		{97136477-A69E-4B7A-9DDA-756EE780DCFC}.ExportDebug|Any CPU.ActiveCfg = ExportDebug|Any CPU
		{97136477-A69E-4B7A-9DDA-756EE780DCFC}.ExportDebug|Any CPU.Build.0 = ExportDebug|Any CPU
		{97136477-A69E-4B7A-9DDA-756EE780DCFC}.ExportRelease|Any CPU.ActiveCfg = ExportRelease|Any CPU
		{97136477-A69E-4B7A-9DDA-756EE780DCFC}.ExportRelease|Any CPU.Build.0 = ExportRelease|Any CPU
	EndGlobalSection
EndGlobal
